
Microsoft Visual Studio Solution File, Format Version 12.00
Project("{FAE04EC0-301F-11D3-BF4B-00C04F79EFBC}") = "MilkWebShopAPI", "MilkWebShopAPI\MilkWebShopAPI.csproj", "{5D97EB6A-D721-4798-9B02-0B5A55B829B0}"
EndProject
Global
	GlobalSection(SolutionConfigurationPlatforms) = preSolution
		Debug|Any CPU = Debug|Any CPU
		Release|Any CPU = Release|Any CPU
	EndGlobalSection
	GlobalSection(ProjectConfigurationPlatforms) = postSolution
		{5D97EB6A-D721-4798-9B02-0B5A55B829B0}.Debug|Any CPU.ActiveCfg = Debug|Any CPU
		{5D97EB6A-D721-4798-9B02-0B5A55B829B0}.Debug|Any CPU.Build.0 = Debug|Any CPU
		{5D97EB6A-D721-4798-9B02-0B5A55B829B0}.Release|Any CPU.ActiveCfg = Release|Any CPU
		{5D97EB6A-D721-4798-9B02-0B5A55B829B0}.Release|Any CPU.Build.0 = Release|Any CPU
	EndGlobalSection
EndGlobal
